
Microsoft Visual Studio Solution File, Format Version 12.00
# Visual Studio 14
VisualStudioVersion = 14.0.25420.1
MinimumVisualStudioVersion = 10.0.40219.1
Project("{FAE04EC0-301F-11D3-BF4B-00C04F79EFBC}") = "PraGroupUnity", "PraGroupUnity\PraGroupUnity.csproj", "{AFA1D73A-CB4A-4D2C-AB80-473267F1575E}"
EndProject
Project("{FAE04EC0-301F-11D3-BF4B-00C04F79EFBC}") = "PraGroupUnity.Tests", "PraGroupUnity.Tests\PraGroupUnity.Tests.csproj", "{4F39794C-3FC3-4BC4-8474-9F2ABC16B134}"
EndProject
Global
	GlobalSection(SolutionConfigurationPlatforms) = preSolution
		Debug|Any CPU = Debug|Any CPU
		Release|Any CPU = Release|Any CPU
	EndGlobalSection
	GlobalSection(ProjectConfigurationPlatforms) = postSolution
		{AFA1D73A-CB4A-4D2C-AB80-473267F1575E}.Debug|Any CPU.ActiveCfg = Debug|Any CPU
		{AFA1D73A-CB4A-4D2C-AB80-473267F1575E}.Debug|Any CPU.Build.0 = Debug|Any CPU
		{AFA1D73A-CB4A-4D2C-AB80-473267F1575E}.Release|Any CPU.ActiveCfg = Release|Any CPU
		{AFA1D73A-CB4A-4D2C-AB80-473267F1575E}.Release|Any CPU.Build.0 = Release|Any CPU
		{4F39794C-3FC3-4BC4-8474-9F2ABC16B134}.Debug|Any CPU.ActiveCfg = Debug|Any CPU
		{4F39794C-3FC3-4BC4-8474-9F2ABC16B134}.Debug|Any CPU.Build.0 = Debug|Any CPU
		{4F39794C-3FC3-4BC4-8474-9F2ABC16B134}.Release|Any CPU.ActiveCfg = Release|Any CPU
		{4F39794C-3FC3-4BC4-8474-9F2ABC16B134}.Release|Any CPU.Build.0 = Release|Any CPU
	EndGlobalSection
	GlobalSection(SolutionProperties) = preSolution
		HideSolutionNode = FALSE
	EndGlobalSection
EndGlobal
